// !$*UTF8*$!
{
	archiveVersion = 1;
	classes = {
	};
	objectVersion = 50;
	objects = {

/* Begin PBXBuildFile section */
		DEE5D91621A7488C0057F4F1 /* AppDelegate.swift in Sources */ = {isa = PBXBuildFile; fileRef = DEE5D91521A7488C0057F4F1 /* AppDelegate.swift */; };
		DEE5D91821A7488C0057F4F1 /* ViewController.swift in Sources */ = {isa = PBXBuildFile; fileRef = DEE5D91721A7488C0057F4F1 /* ViewController.swift */; };
		DEE5D91B21A7488C0057F4F1 /* Login.storyboard in Resources */ = {isa = PBXBuildFile; fileRef = DEE5D91921A7488C0057F4F1 /* Login.storyboard */; };
		DEE5D91D21A7488E0057F4F1 /* Assets.xcassets in Resources */ = {isa = PBXBuildFile; fileRef = DEE5D91C21A7488E0057F4F1 /* Assets.xcassets */; };
		DEE5D92021A7488E0057F4F1 /* LaunchScreen.storyboard in Resources */ = {isa = PBXBuildFile; fileRef = DEE5D91E21A7488E0057F4F1 /* LaunchScreen.storyboard */; };
		DEE5D92C21A889330057F4F1 /* UIColor+Extensions.swift in Sources */ = {isa = PBXBuildFile; fileRef = DEE5D92B21A889330057F4F1 /* UIColor+Extensions.swift */; };
		DEE5D93021A88F000057F4F1 /* LoginVC.swift in Sources */ = {isa = PBXBuildFile; fileRef = DEE5D92F21A88F000057F4F1 /* LoginVC.swift */; };
		DEE5D93221A88F130057F4F1 /* RegistrationVC.swift in Sources */ = {isa = PBXBuildFile; fileRef = DEE5D93121A88F130057F4F1 /* RegistrationVC.swift */; };
		DEE5D93421A88F280057F4F1 /* RoleChoosingVC.swift in Sources */ = {isa = PBXBuildFile; fileRef = DEE5D93321A88F280057F4F1 /* RoleChoosingVC.swift */; };
		DEE5D93621A890AA0057F4F1 /* RestaurantListVC.swift in Sources */ = {isa = PBXBuildFile; fileRef = DEE5D93521A890AA0057F4F1 /* RestaurantListVC.swift */; };
		DEE5D93821A890E10057F4F1 /* Client.storyboard in Resources */ = {isa = PBXBuildFile; fileRef = DEE5D93721A890E10057F4F1 /* Client.storyboard */; };
		DEE5D93D21A892500057F4F1 /* RestaurantCell.swift in Sources */ = {isa = PBXBuildFile; fileRef = DEE5D93B21A892500057F4F1 /* RestaurantCell.swift */; };
		DEE5D93E21A892500057F4F1 /* RestaurantCell.xib in Resources */ = {isa = PBXBuildFile; fileRef = DEE5D93C21A892500057F4F1 /* RestaurantCell.xib */; };
		DEE5D94021A89A760057F4F1 /* UserBaseViewController.swift in Sources */ = {isa = PBXBuildFile; fileRef = DEE5D93F21A89A760057F4F1 /* UserBaseViewController.swift */; };
		DEE5D94321A89B850057F4F1 /* Owner.storyboard in Resources */ = {isa = PBXBuildFile; fileRef = DEE5D94221A89B850057F4F1 /* Owner.storyboard */; };
/* End PBXBuildFile section */

/* Begin PBXFileReference section */
		DEE5D91221A7488C0057F4F1 /* TTRestaurantBooking.app */ = {isa = PBXFileReference; explicitFileType = wrapper.application; includeInIndex = 0; path = TTRestaurantBooking.app; sourceTree = BUILT_PRODUCTS_DIR; };
		DEE5D91521A7488C0057F4F1 /* AppDelegate.swift */ = {isa = PBXFileReference; lastKnownFileType = sourcecode.swift; path = AppDelegate.swift; sourceTree = "<group>"; };
		DEE5D91721A7488C0057F4F1 /* ViewController.swift */ = {isa = PBXFileReference; lastKnownFileType = sourcecode.swift; path = ViewController.swift; sourceTree = "<group>"; };
		DEE5D91A21A7488C0057F4F1 /* Base */ = {isa = PBXFileReference; lastKnownFileType = file.storyboard; name = Base; path = Base.lproj/Login.storyboard; sourceTree = "<group>"; };
		DEE5D91C21A7488E0057F4F1 /* Assets.xcassets */ = {isa = PBXFileReference; lastKnownFileType = folder.assetcatalog; path = Assets.xcassets; sourceTree = "<group>"; };
		DEE5D91F21A7488E0057F4F1 /* Base */ = {isa = PBXFileReference; lastKnownFileType = file.storyboard; name = Base; path = Base.lproj/LaunchScreen.storyboard; sourceTree = "<group>"; };
		DEE5D92121A7488E0057F4F1 /* Info.plist */ = {isa = PBXFileReference; lastKnownFileType = text.plist.xml; path = Info.plist; sourceTree = "<group>"; };
		DEE5D92B21A889330057F4F1 /* UIColor+Extensions.swift */ = {isa = PBXFileReference; lastKnownFileType = sourcecode.swift; path = "UIColor+Extensions.swift"; sourceTree = "<group>"; };
		DEE5D92F21A88F000057F4F1 /* LoginVC.swift */ = {isa = PBXFileReference; lastKnownFileType = sourcecode.swift; path = LoginVC.swift; sourceTree = "<group>"; };
		DEE5D93121A88F130057F4F1 /* RegistrationVC.swift */ = {isa = PBXFileReference; lastKnownFileType = sourcecode.swift; path = RegistrationVC.swift; sourceTree = "<group>"; };
		DEE5D93321A88F280057F4F1 /* RoleChoosingVC.swift */ = {isa = PBXFileReference; lastKnownFileType = sourcecode.swift; path = RoleChoosingVC.swift; sourceTree = "<group>"; };
		DEE5D93521A890AA0057F4F1 /* RestaurantListVC.swift */ = {isa = PBXFileReference; lastKnownFileType = sourcecode.swift; path = RestaurantListVC.swift; sourceTree = "<group>"; };
		DEE5D93721A890E10057F4F1 /* Client.storyboard */ = {isa = PBXFileReference; lastKnownFileType = file.storyboard; path = Client.storyboard; sourceTree = "<group>"; };
		DEE5D93B21A892500057F4F1 /* RestaurantCell.swift */ = {isa = PBXFileReference; lastKnownFileType = sourcecode.swift; path = RestaurantCell.swift; sourceTree = "<group>"; };
		DEE5D93C21A892500057F4F1 /* RestaurantCell.xib */ = {isa = PBXFileReference; lastKnownFileType = file.xib; path = RestaurantCell.xib; sourceTree = "<group>"; };
		DEE5D93F21A89A760057F4F1 /* UserBaseViewController.swift */ = {isa = PBXFileReference; lastKnownFileType = sourcecode.swift; path = UserBaseViewController.swift; sourceTree = "<group>"; };
		DEE5D94221A89B850057F4F1 /* Owner.storyboard */ = {isa = PBXFileReference; lastKnownFileType = file.storyboard; path = Owner.storyboard; sourceTree = "<group>"; };
/* End PBXFileReference section */

/* Begin PBXFrameworksBuildPhase section */
		DEE5D90F21A7488C0057F4F1 /* Frameworks */ = {
			isa = PBXFrameworksBuildPhase;
			buildActionMask = 2147483647;
			files = (
			);
			runOnlyForDeploymentPostprocessing = 0;
		};
/* End PBXFrameworksBuildPhase section */

/* Begin PBXGroup section */
		DEE5D90921A7488C0057F4F1 = {
			isa = PBXGroup;
			children = (
				DEE5D91421A7488C0057F4F1 /* TTRestaurantBooking */,
				DEE5D91321A7488C0057F4F1 /* Products */,
			);
			sourceTree = "<group>";
		};
		DEE5D91321A7488C0057F4F1 /* Products */ = {
			isa = PBXGroup;
			children = (
				DEE5D91221A7488C0057F4F1 /* TTRestaurantBooking.app */,
			);
			name = Products;
			sourceTree = "<group>";
		};
		DEE5D91421A7488C0057F4F1 /* TTRestaurantBooking */ = {
			isa = PBXGroup;
			children = (
				DEE5D93921A8920F0057F4F1 /* Views */,
				DEE5D92A21A889110057F4F1 /* Extensions */,
				DEE5D92921A888F50057F4F1 /* Modules */,
				DEE5D91521A7488C0057F4F1 /* AppDelegate.swift */,
				DEE5D91721A7488C0057F4F1 /* ViewController.swift */,
				DEE5D91C21A7488E0057F4F1 /* Assets.xcassets */,
				DEE5D91E21A7488E0057F4F1 /* LaunchScreen.storyboard */,
				DEE5D92121A7488E0057F4F1 /* Info.plist */,
			);
			path = TTRestaurantBooking;
			sourceTree = "<group>";
		};
		DEE5D92721A7554E0057F4F1 /* Login */ = {
			isa = PBXGroup;
			children = (
				DEE5D91921A7488C0057F4F1 /* Login.storyboard */,
				DEE5D92F21A88F000057F4F1 /* LoginVC.swift */,
				DEE5D93121A88F130057F4F1 /* RegistrationVC.swift */,
				DEE5D93321A88F280057F4F1 /* RoleChoosingVC.swift */,
			);
			path = Login;
			sourceTree = "<group>";
		};
		DEE5D92821A885760057F4F1 /* Client */ = {
			isa = PBXGroup;
			children = (
				DEE5D93521A890AA0057F4F1 /* RestaurantListVC.swift */,
				DEE5D93721A890E10057F4F1 /* Client.storyboard */,
				DEE5D93F21A89A760057F4F1 /* UserBaseViewController.swift */,
			);
			path = Client;
			sourceTree = "<group>";
		};
		DEE5D92921A888F50057F4F1 /* Modules */ = {
			isa = PBXGroup;
			children = (
				DEE5D94121A89B070057F4F1 /* Owner */,
				DEE5D92721A7554E0057F4F1 /* Login */,
				DEE5D92821A885760057F4F1 /* Client */,
			);
			path = Modules;
			sourceTree = "<group>";
		};
		DEE5D92A21A889110057F4F1 /* Extensions */ = {
			isa = PBXGroup;
			children = (
				DEE5D92B21A889330057F4F1 /* UIColor+Extensions.swift */,
			);
			path = Extensions;
			sourceTree = "<group>";
		};
		DEE5D93921A8920F0057F4F1 /* Views */ = {
			isa = PBXGroup;
			children = (
				DEE5D93A21A8922B0057F4F1 /* RestaurantCell */,
			);
			path = Views;
			sourceTree = "<group>";
		};
		DEE5D93A21A8922B0057F4F1 /* RestaurantCell */ = {
			isa = PBXGroup;
			children = (
				DEE5D93B21A892500057F4F1 /* RestaurantCell.swift */,
				DEE5D93C21A892500057F4F1 /* RestaurantCell.xib */,
			);
			path = RestaurantCell;
			sourceTree = "<group>";
		};
		DEE5D94121A89B070057F4F1 /* Owner */ = {
			isa = PBXGroup;
			children = (
				DEE5D94221A89B850057F4F1 /* Owner.storyboard */,
			);
			path = Owner;
			sourceTree = "<group>";
		};
/* End PBXGroup section */

/* Begin PBXNativeTarget section */
		DEE5D91121A7488C0057F4F1 /* TTRestaurantBooking */ = {
			isa = PBXNativeTarget;
			buildConfigurationList = DEE5D92421A7488E0057F4F1 /* Build configuration list for PBXNativeTarget "TTRestaurantBooking" */;
			buildPhases = (
				DEE5D90E21A7488C0057F4F1 /* Sources */,
				DEE5D90F21A7488C0057F4F1 /* Frameworks */,
				DEE5D91021A7488C0057F4F1 /* Resources */,
			);
			buildRules = (
			);
			dependencies = (
			);
			name = TTRestaurantBooking;
			productName = TTRestaurantBooking;
			productReference = DEE5D91221A7488C0057F4F1 /* TTRestaurantBooking.app */;
			productType = "com.apple.product-type.application";
		};
/* End PBXNativeTarget section */

/* Begin PBXProject section */
		DEE5D90A21A7488C0057F4F1 /* Project object */ = {
			isa = PBXProject;
			attributes = {
				LastSwiftUpdateCheck = 1000;
				LastUpgradeCheck = 1000;
				ORGANIZATIONNAME = dariyaprokopovych;
				TargetAttributes = {
					DEE5D91121A7488C0057F4F1 = {
						CreatedOnToolsVersion = 10.0;
					};
				};
			};
			buildConfigurationList = DEE5D90D21A7488C0057F4F1 /* Build configuration list for PBXProject "TTRestaurantBooking" */;
			compatibilityVersion = "Xcode 9.3";
			developmentRegion = en;
			hasScannedForEncodings = 0;
			knownRegions = (
				en,
				Base,
			);
			mainGroup = DEE5D90921A7488C0057F4F1;
			productRefGroup = DEE5D91321A7488C0057F4F1 /* Products */;
			projectDirPath = "";
			projectRoot = "";
			targets = (
				DEE5D91121A7488C0057F4F1 /* TTRestaurantBooking */,
			);
		};
/* End PBXProject section */

/* Begin PBXResourcesBuildPhase section */
		DEE5D91021A7488C0057F4F1 /* Resources */ = {
			isa = PBXResourcesBuildPhase;
			buildActionMask = 2147483647;
			files = (
				DEE5D92021A7488E0057F4F1 /* LaunchScreen.storyboard in Resources */,
				DEE5D91D21A7488E0057F4F1 /* Assets.xcassets in Resources */,
				DEE5D91B21A7488C0057F4F1 /* Login.storyboard in Resources */,
				DEE5D93E21A892500057F4F1 /* RestaurantCell.xib in Resources */,
				DEE5D94321A89B850057F4F1 /* Owner.storyboard in Resources */,
				DEE5D93821A890E10057F4F1 /* Client.storyboard in Resources */,
			);
			runOnlyForDeploymentPostprocessing = 0;
		};
/* End PBXResourcesBuildPhase section */

/* Begin PBXSourcesBuildPhase section */
		DEE5D90E21A7488C0057F4F1 /* Sources */ = {
			isa = PBXSourcesBuildPhase;
			buildActionMask = 2147483647;
			files = (
				DEE5D94021A89A760057F4F1 /* UserBaseViewController.swift in Sources */,
				DEE5D93D21A892500057F4F1 /* RestaurantCell.swift in Sources */,
				DEE5D93421A88F280057F4F1 /* RoleChoosingVC.swift in Sources */,
				DEE5D91821A7488C0057F4F1 /* ViewController.swift in Sources */,
				DEE5D93621A890AA0057F4F1 /* RestaurantListVC.swift in Sources */,
				DEE5D92C21A889330057F4F1 /* UIColor+Extensions.swift in Sources */,
				DEE5D93021A88F000057F4F1 /* LoginVC.swift in Sources */,
				DEE5D93221A88F130057F4F1 /* RegistrationVC.swift in Sources */,
				DEE5D91621A7488C0057F4F1 /* AppDelegate.swift in Sources */,
			);
			runOnlyForDeploymentPostprocessing = 0;
		};
/* End PBXSourcesBuildPhase section */

/* Begin PBXVariantGroup section */
		DEE5D91921A7488C0057F4F1 /* Login.storyboard */ = {
			isa = PBXVariantGroup;
			children = (
				DEE5D91A21A7488C0057F4F1 /* Base */,
			);
			name = Login.storyboard;
			sourceTree = "<group>";
		};
		DEE5D91E21A7488E0057F4F1 /* LaunchScreen.storyboard */ = {
			isa = PBXVariantGroup;
			children = (
				DEE5D91F21A7488E0057F4F1 /* Base */,
			);
			name = LaunchScreen.storyboard;
			sourceTree = "<group>";
		};
/* End PBXVariantGroup section */

/* Begin XCBuildConfiguration section */
		DEE5D92221A7488E0057F4F1 /* Debug */ = {
			isa = XCBuildConfiguration;
			buildSettings = {
				ALWAYS_SEARCH_USER_PATHS = NO;
				CLANG_ANALYZER_NONNULL = YES;
				CLANG_ANALYZER_NUMBER_OBJECT_CONVERSION = YES_AGGRESSIVE;
				CLANG_CXX_LANGUAGE_STANDARD = "gnu++14";
				CLANG_CXX_LIBRARY = "libc++";
				CLANG_ENABLE_MODULES = YES;
				CLANG_ENABLE_OBJC_ARC = YES;
				CLANG_ENABLE_OBJC_WEAK = YES;
				CLANG_WARN_BLOCK_CAPTURE_AUTORELEASING = YES;
				CLANG_WARN_BOOL_CONVERSION = YES;
				CLANG_WARN_COMMA = YES;
				CLANG_WARN_CONSTANT_CONVERSION = YES;
				CLANG_WARN_DEPRECATED_OBJC_IMPLEMENTATIONS = YES;
				CLANG_WARN_DIRECT_OBJC_ISA_USAGE = YES_ERROR;
				CLANG_WARN_DOCUMENTATION_COMMENTS = YES;
				CLANG_WARN_EMPTY_BODY = YES;
				CLANG_WARN_ENUM_CONVERSION = YES;
				CLANG_WARN_INFINITE_RECURSION = YES;
				CLANG_WARN_INT_CONVERSION = YES;
				CLANG_WARN_NON_LITERAL_NULL_CONVERSION = YES;
				CLANG_WARN_OBJC_IMPLICIT_RETAIN_SELF = YES;
				CLANG_WARN_OBJC_LITERAL_CONVERSION = YES;
				CLANG_WARN_OBJC_ROOT_CLASS = YES_ERROR;
				CLANG_WARN_RANGE_LOOP_ANALYSIS = YES;
				CLANG_WARN_STRICT_PROTOTYPES = YES;
				CLANG_WARN_SUSPICIOUS_MOVE = YES;
				CLANG_WARN_UNGUARDED_AVAILABILITY = YES_AGGRESSIVE;
				CLANG_WARN_UNREACHABLE_CODE = YES;
				CLANG_WARN__DUPLICATE_METHOD_MATCH = YES;
				CODE_SIGN_IDENTITY = "iPhone Developer";
				COPY_PHASE_STRIP = NO;
				DEBUG_INFORMATION_FORMAT = dwarf;
				ENABLE_STRICT_OBJC_MSGSEND = YES;
				ENABLE_TESTABILITY = YES;
				GCC_C_LANGUAGE_STANDARD = gnu11;
				GCC_DYNAMIC_NO_PIC = NO;
				GCC_NO_COMMON_BLOCKS = YES;
				GCC_OPTIMIZATION_LEVEL = 0;
				GCC_PREPROCESSOR_DEFINITIONS = (
					"DEBUG=1",
					"$(inherited)",
				);
				GCC_WARN_64_TO_32_BIT_CONVERSION = YES;
				GCC_WARN_ABOUT_RETURN_TYPE = YES_ERROR;
				GCC_WARN_UNDECLARED_SELECTOR = YES;
				GCC_WARN_UNINITIALIZED_AUTOS = YES_AGGRESSIVE;
				GCC_WARN_UNUSED_FUNCTION = YES;
				GCC_WARN_UNUSED_VARIABLE = YES;
				IPHONEOS_DEPLOYMENT_TARGET = 12.0;
				MTL_ENABLE_DEBUG_INFO = INCLUDE_SOURCE;
				MTL_FAST_MATH = YES;
				ONLY_ACTIVE_ARCH = YES;
				SDKROOT = iphoneos;
				SWIFT_ACTIVE_COMPILATION_CONDITIONS = DEBUG;
				SWIFT_OPTIMIZATION_LEVEL = "-Onone";
			};
			name = Debug;
		};
		DEE5D92321A7488E0057F4F1 /* Release */ = {
			isa = XCBuildConfiguration;
			buildSettings = {
				ALWAYS_SEARCH_USER_PATHS = NO;
				CLANG_ANALYZER_NONNULL = YES;
				CLANG_ANALYZER_NUMBER_OBJECT_CONVERSION = YES_AGGRESSIVE;
				CLANG_CXX_LANGUAGE_STANDARD = "gnu++14";
				CLANG_CXX_LIBRARY = "libc++";
				CLANG_ENABLE_MODULES = YES;
				CLANG_ENABLE_OBJC_ARC = YES;
				CLANG_ENABLE_OBJC_WEAK = YES;
				CLANG_WARN_BLOCK_CAPTURE_AUTORELEASING = YES;
				CLANG_WARN_BOOL_CONVERSION = YES;
				CLANG_WARN_COMMA = YES;
				CLANG_WARN_CONSTANT_CONVERSION = YES;
				CLANG_WARN_DEPRECATED_OBJC_IMPLEMENTATIONS = YES;
				CLANG_WARN_DIRECT_OBJC_ISA_USAGE = YES_ERROR;
				CLANG_WARN_DOCUMENTATION_COMMENTS = YES;
				CLANG_WARN_EMPTY_BODY = YES;
				CLANG_WARN_ENUM_CONVERSION = YES;
				CLANG_WARN_INFINITE_RECURSION = YES;
				CLANG_WARN_INT_CONVERSION = YES;
				CLANG_WARN_NON_LITERAL_NULL_CONVERSION = YES;
				CLANG_WARN_OBJC_IMPLICIT_RETAIN_SELF = YES;
				CLANG_WARN_OBJC_LITERAL_CONVERSION = YES;
				CLANG_WARN_OBJC_ROOT_CLASS = YES_ERROR;
				CLANG_WARN_RANGE_LOOP_ANALYSIS = YES;
				CLANG_WARN_STRICT_PROTOTYPES = YES;
				CLANG_WARN_SUSPICIOUS_MOVE = YES;
				CLANG_WARN_UNGUARDED_AVAILABILITY = YES_AGGRESSIVE;
				CLANG_WARN_UNREACHABLE_CODE = YES;
				CLANG_WARN__DUPLICATE_METHOD_MATCH = YES;
				CODE_SIGN_IDENTITY = "iPhone Developer";
				COPY_PHASE_STRIP = NO;
				DEBUG_INFORMATION_FORMAT = "dwarf-with-dsym";
				ENABLE_NS_ASSERTIONS = NO;
				ENABLE_STRICT_OBJC_MSGSEND = YES;
				GCC_C_LANGUAGE_STANDARD = gnu11;
				GCC_NO_COMMON_BLOCKS = YES;
				GCC_WARN_64_TO_32_BIT_CONVERSION = YES;
				GCC_WARN_ABOUT_RETURN_TYPE = YES_ERROR;
				GCC_WARN_UNDECLARED_SELECTOR = YES;
				GCC_WARN_UNINITIALIZED_AUTOS = YES_AGGRESSIVE;
				GCC_WARN_UNUSED_FUNCTION = YES;
				GCC_WARN_UNUSED_VARIABLE = YES;
				IPHONEOS_DEPLOYMENT_TARGET = 12.0;
				MTL_ENABLE_DEBUG_INFO = NO;
				MTL_FAST_MATH = YES;
				SDKROOT = iphoneos;
				SWIFT_COMPILATION_MODE = wholemodule;
				SWIFT_OPTIMIZATION_LEVEL = "-O";
				VALIDATE_PRODUCT = YES;
			};
			name = Release;
		};
		DEE5D92521A7488E0057F4F1 /* Debug */ = {
			isa = XCBuildConfiguration;
			buildSettings = {
				ASSETCATALOG_COMPILER_APPICON_NAME = AppIcon;
				CODE_SIGN_STYLE = Automatic;
				DEVELOPMENT_TEAM = L748ZMC8YR;
				INFOPLIST_FILE = TTRestaurantBooking/Info.plist;
				LD_RUNPATH_SEARCH_PATHS = (
					"$(inherited)",
					"@executable_path/Frameworks",
				);
				PRODUCT_BUNDLE_IDENTIFIER = com.dariyaprokopovych.TTRestaurantBooking;
				PRODUCT_NAME = "$(TARGET_NAME)";
				SWIFT_VERSION = 4.2;
				TARGETED_DEVICE_FAMILY = "1,2";
			};
			name = Debug;
		};
		DEE5D92621A7488E0057F4F1 /* Release */ = {
			isa = XCBuildConfiguration;
			buildSettings = {
				ASSETCATALOG_COMPILER_APPICON_NAME = AppIcon;
				CODE_SIGN_STYLE = Automatic;
				DEVELOPMENT_TEAM = L748ZMC8YR;
				INFOPLIST_FILE = TTRestaurantBooking/Info.plist;
				LD_RUNPATH_SEARCH_PATHS = (
					"$(inherited)",
					"@executable_path/Frameworks",
				);
				PRODUCT_BUNDLE_IDENTIFIER = com.dariyaprokopovych.TTRestaurantBooking;
				PRODUCT_NAME = "$(TARGET_NAME)";
				SWIFT_VERSION = 4.2;
				TARGETED_DEVICE_FAMILY = "1,2";
			};
			name = Release;
		};
/* End XCBuildConfiguration section */

/* Begin XCConfigurationList section */
		DEE5D90D21A7488C0057F4F1 /* Build configuration list for PBXProject "TTRestaurantBooking" */ = {
			isa = XCConfigurationList;
			buildConfigurations = (
				DEE5D92221A7488E0057F4F1 /* Debug */,
				DEE5D92321A7488E0057F4F1 /* Release */,
			);
			defaultConfigurationIsVisible = 0;
			defaultConfigurationName = Release;
		};
		DEE5D92421A7488E0057F4F1 /* Build configuration list for PBXNativeTarget "TTRestaurantBooking" */ = {
			isa = XCConfigurationList;
			buildConfigurations = (
				DEE5D92521A7488E0057F4F1 /* Debug */,
				DEE5D92621A7488E0057F4F1 /* Release */,
			);
			defaultConfigurationIsVisible = 0;
			defaultConfigurationName = Release;
		};
/* End XCConfigurationList section */
	};
	rootObject = DEE5D90A21A7488C0057F4F1 /* Project object */;
}
